
Microsoft Visual Studio Solution File, Format Version 12.00
# Visual Studio Version 17
VisualStudioVersion = 17.3.32825.248
MinimumVisualStudioVersion = 10.0.40219.1
Project("{FAE04EC0-301F-11D3-BF4B-00C04F79EFBC}") = "EH3", "EH3\EH3.csproj", "{5F070D91-6E9F-42BA-AF8C-C636EBBED3B3}"
EndProject
Global
	GlobalSection(SolutionConfigurationPlatforms) = preSolution
		Debug|Any CPU = Debug|Any CPU
		Release|Any CPU = Release|Any CPU
	EndGlobalSection
	GlobalSection(ProjectConfigurationPlatforms) = postSolution
		{5F070D91-6E9F-42BA-AF8C-C636EBBED3B3}.Debug|Any CPU.ActiveCfg = Debug|Any CPU
		{5F070D91-6E9F-42BA-AF8C-C636EBBED3B3}.Debug|Any CPU.Build.0 = Debug|Any CPU
		{5F070D91-6E9F-42BA-AF8C-C636EBBED3B3}.Release|Any CPU.ActiveCfg = Release|Any CPU
		{5F070D91-6E9F-42BA-AF8C-C636EBBED3B3}.Release|Any CPU.Build.0 = Release|Any CPU
	EndGlobalSection
	GlobalSection(SolutionProperties) = preSolution
		HideSolutionNode = FALSE
	EndGlobalSection
	GlobalSection(ExtensibilityGlobals) = postSolution
		SolutionGuid = {ECC773D7-CFFF-408D-9C94-B0BDE32EC3CE}
	EndGlobalSection
EndGlobal
