
Microsoft Visual Studio Solution File, Format Version 12.00
# Visual Studio Version 17
VisualStudioVersion = 17.3.32825.248
MinimumVisualStudioVersion = 10.0.40219.1
Project("{FAE04EC0-301F-11D3-BF4B-00C04F79EFBC}") = "EH2", "EH2\EH2.csproj", "{8BEC5EA8-2C10-46C4-86D9-6F3B2B22D0FE}"
EndProject
Global
	GlobalSection(SolutionConfigurationPlatforms) = preSolution
		Debug|Any CPU = Debug|Any CPU
		Release|Any CPU = Release|Any CPU
	EndGlobalSection
	GlobalSection(ProjectConfigurationPlatforms) = postSolution
		{8BEC5EA8-2C10-46C4-86D9-6F3B2B22D0FE}.Debug|Any CPU.ActiveCfg = Debug|Any CPU
		{8BEC5EA8-2C10-46C4-86D9-6F3B2B22D0FE}.Debug|Any CPU.Build.0 = Debug|Any CPU
		{8BEC5EA8-2C10-46C4-86D9-6F3B2B22D0FE}.Release|Any CPU.ActiveCfg = Release|Any CPU
		{8BEC5EA8-2C10-46C4-86D9-6F3B2B22D0FE}.Release|Any CPU.Build.0 = Release|Any CPU
	EndGlobalSection
	GlobalSection(SolutionProperties) = preSolution
		HideSolutionNode = FALSE
	EndGlobalSection
	GlobalSection(ExtensibilityGlobals) = postSolution
		SolutionGuid = {C8385D17-CD0E-433E-BB55-CA5DEFECD463}
	EndGlobalSection
EndGlobal
