
Microsoft Visual Studio Solution File, Format Version 12.00
# Visual Studio Version 17
VisualStudioVersion = 17.3.32825.248
MinimumVisualStudioVersion = 10.0.40219.1
Project("{FAE04EC0-301F-11D3-BF4B-00C04F79EFBC}") = "Report4", "Report4\Report4.csproj", "{71E8716C-466D-4227-9663-661F63FB5EBF}"
EndProject
Global
	GlobalSection(SolutionConfigurationPlatforms) = preSolution
		Debug|Any CPU = Debug|Any CPU
		Release|Any CPU = Release|Any CPU
	EndGlobalSection
	GlobalSection(ProjectConfigurationPlatforms) = postSolution
		{71E8716C-466D-4227-9663-661F63FB5EBF}.Debug|Any CPU.ActiveCfg = Debug|Any CPU
		{71E8716C-466D-4227-9663-661F63FB5EBF}.Debug|Any CPU.Build.0 = Debug|Any CPU
		{71E8716C-466D-4227-9663-661F63FB5EBF}.Release|Any CPU.ActiveCfg = Release|Any CPU
		{71E8716C-466D-4227-9663-661F63FB5EBF}.Release|Any CPU.Build.0 = Release|Any CPU
	EndGlobalSection
	GlobalSection(SolutionProperties) = preSolution
		HideSolutionNode = FALSE
	EndGlobalSection
	GlobalSection(ExtensibilityGlobals) = postSolution
		SolutionGuid = {81818554-8B84-49AB-9EE8-1B0BDCC8B3C8}
	EndGlobalSection
EndGlobal
