
Microsoft Visual Studio Solution File, Format Version 12.00
# Visual Studio Version 17
VisualStudioVersion = 17.3.32825.248
MinimumVisualStudioVersion = 10.0.40219.1
Project("{FAE04EC0-301F-11D3-BF4B-00C04F79EFBC}") = "Report2", "Report2\Report2.csproj", "{DCE826F0-B74B-46E1-B772-5095C1E678CA}"
EndProject
Global
	GlobalSection(SolutionConfigurationPlatforms) = preSolution
		Debug|Any CPU = Debug|Any CPU
		Release|Any CPU = Release|Any CPU
	EndGlobalSection
	GlobalSection(ProjectConfigurationPlatforms) = postSolution
		{DCE826F0-B74B-46E1-B772-5095C1E678CA}.Debug|Any CPU.ActiveCfg = Debug|Any CPU
		{DCE826F0-B74B-46E1-B772-5095C1E678CA}.Debug|Any CPU.Build.0 = Debug|Any CPU
		{DCE826F0-B74B-46E1-B772-5095C1E678CA}.Release|Any CPU.ActiveCfg = Release|Any CPU
		{DCE826F0-B74B-46E1-B772-5095C1E678CA}.Release|Any CPU.Build.0 = Release|Any CPU
	EndGlobalSection
	GlobalSection(SolutionProperties) = preSolution
		HideSolutionNode = FALSE
	EndGlobalSection
	GlobalSection(ExtensibilityGlobals) = postSolution
		SolutionGuid = {3C495F7A-BDD0-4FA3-8A6D-EFF8BE488BA5}
	EndGlobalSection
EndGlobal
