
Microsoft Visual Studio Solution File, Format Version 12.00
# Visual Studio Version 17
VisualStudioVersion = 17.3.32825.248
MinimumVisualStudioVersion = 10.0.40219.1
Project("{FAE04EC0-301F-11D3-BF4B-00C04F79EFBC}") = "absract", "absract\absract.csproj", "{8E6F4F45-1661-4D92-B00B-E04C70C2B309}"
EndProject
Global
	GlobalSection(SolutionConfigurationPlatforms) = preSolution
		Debug|Any CPU = Debug|Any CPU
		Release|Any CPU = Release|Any CPU
	EndGlobalSection
	GlobalSection(ProjectConfigurationPlatforms) = postSolution
		{8E6F4F45-1661-4D92-B00B-E04C70C2B309}.Debug|Any CPU.ActiveCfg = Debug|Any CPU
		{8E6F4F45-1661-4D92-B00B-E04C70C2B309}.Debug|Any CPU.Build.0 = Debug|Any CPU
		{8E6F4F45-1661-4D92-B00B-E04C70C2B309}.Release|Any CPU.ActiveCfg = Release|Any CPU
		{8E6F4F45-1661-4D92-B00B-E04C70C2B309}.Release|Any CPU.Build.0 = Release|Any CPU
	EndGlobalSection
	GlobalSection(SolutionProperties) = preSolution
		HideSolutionNode = FALSE
	EndGlobalSection
	GlobalSection(ExtensibilityGlobals) = postSolution
		SolutionGuid = {39B4D504-0914-47DA-8508-41636E3E6BCE}
	EndGlobalSection
EndGlobal
